PODS:
  - Alamofire (4.8.2)
  - Alamofire-Synchronous (4.0.0):
    - Alamofire (~> 4.0)
  - Amplitude-iOS (4.0.4)
  - AppsFlyerFramework (4.8.12)
  - Crashlytics (3.14.0):
    - Fabric (~> 1.10.2)
  - DeviceKit (2.3.0)
  - Fabric (1.10.2)
  - FBSDKCoreKit (5.11.0):
    - FBSDKCoreKit/Basics (= 5.11.0)
    - FBSDKCoreKit/Core (= 5.11.0)
  - FBSDKCoreKit/Basics (5.11.0)
  - FBSDKCoreKit/Core (5.11.0):
    - FBSDKCoreKit/Basics
  - lottie-ios (3.1.8)
  - MBCircularProgressBar (0.3.5)
  - SwiftKeychainWrapper (3.0.1)
  - SwiftSoup (2.3.0)
  - SwiftyStoreKit (0.15.0)

DEPENDENCIES:
  - Alamofire (~> 4.8.2)
  - Alamofire-Synchronous (~> 4.0)
  - Amplitude-iOS (~> 4.0.4)
  - AppsFlyerFramework (~> 4.8.6)
  - Crashlytics (~> 3.14.0)
  - DeviceKit (= 2.3.0)
  - Fabric (~> 1.10.2)
  - FBSDKCoreKit (~> 5.11.0)
  - lottie-ios
  - MBCircularProgressBar (~> 0.3.5)
  - SwiftKeychainWrapper (~> 3.0.1)
  - SwiftSoup
  - SwiftyStoreKit (~> 0.15.0)

SPEC REPOS:
  trunk:
    - Alamofire
    - Alamofire-Synchronous
    - Amplitude-iOS
    - AppsFlyerFramework
    - Crashlytics
    - DeviceKit
    - Fabric
    - FBSDKCoreKit
    - lottie-ios
    - MBCircularProgressBar
    - SwiftKeychainWrapper
    - SwiftSoup
    - SwiftyStoreKit

SPEC CHECKSUMS:
  Alamofire: ae5c501addb7afdbb13687d7f2f722c78734c2d3
  Alamofire-Synchronous: eedf1e6e961c3795a63c74990b3f7d9fbfac7e50
  Amplitude-iOS: 2ad4d7270c99186236c1272a3a9425463b1ae1a7
  AppsFlyerFramework: 726f063384d8dc763d7b423e48cbc8cbe10989ab
  Crashlytics: 540b7e5f5da5a042647227a5e3ac51d85eed06df
  DeviceKit: da103891aa928d89f64ea8dd8aca738c5f3d8ac0
  Fabric: 706c8b8098fff96c33c0db69cbf81f9c551d0d74
  FBSDKCoreKit: 9fbfb5b0022d34861bfa6b79f56f8e2ddcd8170b
  lottie-ios: 48fac6be217c76937e36e340e2d09cf7b10b7f5f
  MBCircularProgressBar: 0b795b722a5eb5b0923822f90474e2576a1a7855
  SwiftKeychainWrapper: 38952a3636320ae61bad3513cadd870929de7a4a
  SwiftSoup: d78683f7ea0ae5733225a9e1d3bee5b256449df4
  SwiftyStoreKit: 033d06b6f87955405d3f844a18a7687c2438592a

PODFILE CHECKSUM: accf4bde794424ef3876282e6760d6db7ee43d45

COCOAPODS: 1.9.3
